
Microsoft Visual Studio Solution File, Format Version 12.00
# Visual Studio Version 16
VisualStudioVersion = 16.0.29326.143
MinimumVisualStudioVersion = 10.0.40219.1
Project("{FAE04EC0-301F-11D3-BF4B-00C04F79EFBC}") = "Prob1", "Prob1.csproj", "{29FC7E2E-22A8-4FB8-908D-931A2E2004BF}"
EndProject
Project("{FAE04EC0-301F-11D3-BF4B-00C04F79EFBC}") = "Methods", "..\Methods\Methods.csproj", "{30AB170E-2057-4768-8F22-18BED14959C4}"
EndProject
Project("{FAE04EC0-301F-11D3-BF4B-00C04F79EFBC}") = "prob3", "..\prob3\prob3.csproj", "{39D21757-C389-4B75-ACD1-21854C59FB88}"
EndProject
Global
	GlobalSection(SolutionConfigurationPlatforms) = preSolution
		Debug|Any CPU = Debug|Any CPU
		Release|Any CPU = Release|Any CPU
	EndGlobalSection
	GlobalSection(ProjectConfigurationPlatforms) = postSolution
		{29FC7E2E-22A8-4FB8-908D-931A2E2004BF}.Debug|Any CPU.ActiveCfg = Debug|Any CPU
		{29FC7E2E-22A8-4FB8-908D-931A2E2004BF}.Debug|Any CPU.Build.0 = Debug|Any CPU
		{29FC7E2E-22A8-4FB8-908D-931A2E2004BF}.Release|Any CPU.ActiveCfg = Release|Any CPU
		{29FC7E2E-22A8-4FB8-908D-931A2E2004BF}.Release|Any CPU.Build.0 = Release|Any CPU
		{30AB170E-2057-4768-8F22-18BED14959C4}.Debug|Any CPU.ActiveCfg = Debug|Any CPU
		{30AB170E-2057-4768-8F22-18BED14959C4}.Debug|Any CPU.Build.0 = Debug|Any CPU
		{30AB170E-2057-4768-8F22-18BED14959C4}.Release|Any CPU.ActiveCfg = Release|Any CPU
		{30AB170E-2057-4768-8F22-18BED14959C4}.Release|Any CPU.Build.0 = Release|Any CPU
		{39D21757-C389-4B75-ACD1-21854C59FB88}.Debug|Any CPU.ActiveCfg = Debug|Any CPU
		{39D21757-C389-4B75-ACD1-21854C59FB88}.Debug|Any CPU.Build.0 = Debug|Any CPU
		{39D21757-C389-4B75-ACD1-21854C59FB88}.Release|Any CPU.ActiveCfg = Release|Any CPU
		{39D21757-C389-4B75-ACD1-21854C59FB88}.Release|Any CPU.Build.0 = Release|Any CPU
	EndGlobalSection
	GlobalSection(SolutionProperties) = preSolution
		HideSolutionNode = FALSE
	EndGlobalSection
	GlobalSection(ExtensibilityGlobals) = postSolution
		SolutionGuid = {96F9EFFF-1BAA-4DAB-B3EF-09A9A84A1D4A}
	EndGlobalSection
EndGlobal
